
Microsoft Visual Studio Solution File, Format Version 12.00
# Visual Studio Version 16
VisualStudioVersion = 16.0.28803.156
MinimumVisualStudioVersion = 10.0.40219.1
Project("{FAE04EC0-301F-11D3-BF4B-00C04F79EFBC}") = "WeatherChecker5000.UWP", "WeatherChecker5000\WeatherChecker5000.UWP\WeatherChecker5000.UWP.csproj", "{29B141C3-3091-4E72-9E48-4BE3E8960871}"
EndProject
Project("{FAE04EC0-301F-11D3-BF4B-00C04F79EFBC}") = "WeatherChecker5000.Android", "WeatherChecker5000\WeatherChecker5000.Android\WeatherChecker5000.Android.csproj", "{62DEEFC2-D7F3-4ED8-92B6-FEA0DA2672E9}"
EndProject
Project("{FAE04EC0-301F-11D3-BF4B-00C04F79EFBC}") = "WeatherChecker5000.iOS", "WeatherChecker5000\WeatherChecker5000.iOS\WeatherChecker5000.iOS.csproj", "{1171476A-1A03-4287-896B-FC734BF02A4A}"
EndProject
Project("{9A19103F-16F7-4668-BE54-9A1E7A4F7556}") = "WeatherChecker5000", "WeatherChecker5000\WeatherChecker5000\WeatherChecker5000.csproj", "{DDC64A52-0587-46DF-AB8A-0951BF3224BB}"
EndProject
Project("{FAE04EC0-301F-11D3-BF4B-00C04F79EFBC}") = "WeatherChecker5000.WPF", "WeatherChecker5000.WPF\WeatherChecker5000.WPF.csproj", "{4B5F4ED7-515D-4E58-99B9-80CC83DA2C64}"
EndProject
Project("{FAE04EC0-301F-11D3-BF4B-00C04F79EFBC}") = "WeatherChecker5000.WinForms", "WeatherChecker5000.WinForms\WeatherChecker5000.WinForms.csproj", "{45BC431C-4A0E-4F19-A8B0-CEA39641462A}"
EndProject
Project("{FAE04EC0-301F-11D3-BF4B-00C04F79EFBC}") = "WeatherChecker5000.WinFormsCore", "WeatherChecker5000.WinFormsCore\WeatherChecker5000.WinFormsCore.csproj", "{08F07241-D1C6-4E90-9F17-E0BD014337BB}"
EndProject
Global
	GlobalSection(SolutionConfigurationPlatforms) = preSolution
		Debug|Any CPU = Debug|Any CPU
		Debug|ARM = Debug|ARM
		Debug|iPhone = Debug|iPhone
		Debug|iPhoneSimulator = Debug|iPhoneSimulator
		Debug|x64 = Debug|x64
		Debug|x86 = Debug|x86
		Release|Any CPU = Release|Any CPU
		Release|ARM = Release|ARM
		Release|iPhone = Release|iPhone
		Release|iPhoneSimulator = Release|iPhoneSimulator
		Release|x64 = Release|x64
		Release|x86 = Release|x86
	EndGlobalSection
	GlobalSection(ProjectConfigurationPlatforms) = postSolution
		{29B141C3-3091-4E72-9E48-4BE3E8960871}.Debug|Any CPU.ActiveCfg = Debug|x86
		{29B141C3-3091-4E72-9E48-4BE3E8960871}.Debug|Any CPU.Build.0 = Debug|x86
		{29B141C3-3091-4E72-9E48-4BE3E8960871}.Debug|Any CPU.Deploy.0 = Debug|x86
		{29B141C3-3091-4E72-9E48-4BE3E8960871}.Debug|ARM.ActiveCfg = Debug|ARM
		{29B141C3-3091-4E72-9E48-4BE3E8960871}.Debug|ARM.Build.0 = Debug|ARM
		{29B141C3-3091-4E72-9E48-4BE3E8960871}.Debug|ARM.Deploy.0 = Debug|ARM
		{29B141C3-3091-4E72-9E48-4BE3E8960871}.Debug|iPhone.ActiveCfg = Debug|x86
		{29B141C3-3091-4E72-9E48-4BE3E8960871}.Debug|iPhone.Build.0 = Debug|x86
		{29B141C3-3091-4E72-9E48-4BE3E8960871}.Debug|iPhone.Deploy.0 = Debug|x86
		{29B141C3-3091-4E72-9E48-4BE3E8960871}.Debug|iPhoneSimulator.ActiveCfg = Debug|x86
		{29B141C3-3091-4E72-9E48-4BE3E8960871}.Debug|iPhoneSimulator.Build.0 = Debug|x86
		{29B141C3-3091-4E72-9E48-4BE3E8960871}.Debug|iPhoneSimulator.Deploy.0 = Debug|x86
		{29B141C3-3091-4E72-9E48-4BE3E8960871}.Debug|x64.ActiveCfg = Debug|x64
		{29B141C3-3091-4E72-9E48-4BE3E8960871}.Debug|x64.Build.0 = Debug|x64
		{29B141C3-3091-4E72-9E48-4BE3E8960871}.Debug|x64.Deploy.0 = Debug|x64
		{29B141C3-3091-4E72-9E48-4BE3E8960871}.Debug|x86.ActiveCfg = Debug|x86
		{29B141C3-3091-4E72-9E48-4BE3E8960871}.Debug|x86.Build.0 = Debug|x86
		{29B141C3-3091-4E72-9E48-4BE3E8960871}.Debug|x86.Deploy.0 = Debug|x86
		{29B141C3-3091-4E72-9E48-4BE3E8960871}.Release|Any CPU.ActiveCfg = Release|x86
		{29B141C3-3091-4E72-9E48-4BE3E8960871}.Release|Any CPU.Build.0 = Release|x86
		{29B141C3-3091-4E72-9E48-4BE3E8960871}.Release|Any CPU.Deploy.0 = Release|x86
		{29B141C3-3091-4E72-9E48-4BE3E8960871}.Release|ARM.ActiveCfg = Release|ARM
		{29B141C3-3091-4E72-9E48-4BE3E8960871}.Release|ARM.Build.0 = Release|ARM
		{29B141C3-3091-4E72-9E48-4BE3E8960871}.Release|ARM.Deploy.0 = Release|ARM
		{29B141C3-3091-4E72-9E48-4BE3E8960871}.Release|iPhone.ActiveCfg = Release|x86
		{29B141C3-3091-4E72-9E48-4BE3E8960871}.Release|iPhone.Build.0 = Release|x86
		{29B141C3-3091-4E72-9E48-4BE3E8960871}.Release|iPhone.Deploy.0 = Release|x86
		{29B141C3-3091-4E72-9E48-4BE3E8960871}.Release|iPhoneSimulator.ActiveCfg = Release|x86
		{29B141C3-3091-4E72-9E48-4BE3E8960871}.Release|iPhoneSimulator.Build.0 = Release|x86
		{29B141C3-3091-4E72-9E48-4BE3E8960871}.Release|iPhoneSimulator.Deploy.0 = Release|x86
		{29B141C3-3091-4E72-9E48-4BE3E8960871}.Release|x64.ActiveCfg = Release|x64
		{29B141C3-3091-4E72-9E48-4BE3E8960871}.Release|x64.Build.0 = Release|x64
		{29B141C3-3091-4E72-9E48-4BE3E8960871}.Release|x64.Deploy.0 = Release|x64
		{29B141C3-3091-4E72-9E48-4BE3E8960871}.Release|x86.ActiveCfg = Release|x86
		{29B141C3-3091-4E72-9E48-4BE3E8960871}.Release|x86.Build.0 = Release|x86
		{29B141C3-3091-4E72-9E48-4BE3E8960871}.Release|x86.Deploy.0 = Release|x86
		{62DEEFC2-D7F3-4ED8-92B6-FEA0DA2672E9}.Debug|Any CPU.ActiveCfg = Debug|Any CPU
		{62DEEFC2-D7F3-4ED8-92B6-FEA0DA2672E9}.Debug|Any CPU.Build.0 = Debug|Any CPU
		{62DEEFC2-D7F3-4ED8-92B6-FEA0DA2672E9}.Debug|Any CPU.Deploy.0 = Debug|Any CPU
		{62DEEFC2-D7F3-4ED8-92B6-FEA0DA2672E9}.Debug|ARM.ActiveCfg = Debug|Any CPU
		{62DEEFC2-D7F3-4ED8-92B6-FEA0DA2672E9}.Debug|ARM.Build.0 = Debug|Any CPU
		{62DEEFC2-D7F3-4ED8-92B6-FEA0DA2672E9}.Debug|ARM.Deploy.0 = Debug|Any CPU
		{62DEEFC2-D7F3-4ED8-92B6-FEA0DA2672E9}.Debug|iPhone.ActiveCfg = Debug|Any CPU
		{62DEEFC2-D7F3-4ED8-92B6-FEA0DA2672E9}.Debug|iPhone.Build.0 = Debug|Any CPU
		{62DEEFC2-D7F3-4ED8-92B6-FEA0DA2672E9}.Debug|iPhone.Deploy.0 = Debug|Any CPU
		{62DEEFC2-D7F3-4ED8-92B6-FEA0DA2672E9}.Debug|iPhoneSimulator.ActiveCfg = Debug|Any CPU
		{62DEEFC2-D7F3-4ED8-92B6-FEA0DA2672E9}.Debug|iPhoneSimulator.Build.0 = Debug|Any CPU
		{62DEEFC2-D7F3-4ED8-92B6-FEA0DA2672E9}.Debug|iPhoneSimulator.Deploy.0 = Debug|Any CPU
		{62DEEFC2-D7F3-4ED8-92B6-FEA0DA2672E9}.Debug|x64.ActiveCfg = Debug|Any CPU
		{62DEEFC2-D7F3-4ED8-92B6-FEA0DA2672E9}.Debug|x64.Build.0 = Debug|Any CPU
		{62DEEFC2-D7F3-4ED8-92B6-FEA0DA2672E9}.Debug|x64.Deploy.0 = Debug|Any CPU
		{62DEEFC2-D7F3-4ED8-92B6-FEA0DA2672E9}.Debug|x86.ActiveCfg = Debug|Any CPU
		{62DEEFC2-D7F3-4ED8-92B6-FEA0DA2672E9}.Debug|x86.Build.0 = Debug|Any CPU
		{62DEEFC2-D7F3-4ED8-92B6-FEA0DA2672E9}.Debug|x86.Deploy.0 = Debug|Any CPU
		{62DEEFC2-D7F3-4ED8-92B6-FEA0DA2672E9}.Release|Any CPU.ActiveCfg = Release|Any CPU
		{62DEEFC2-D7F3-4ED8-92B6-FEA0DA2672E9}.Release|Any CPU.Build.0 = Release|Any CPU
		{62DEEFC2-D7F3-4ED8-92B6-FEA0DA2672E9}.Release|Any CPU.Deploy.0 = Release|Any CPU
		{62DEEFC2-D7F3-4ED8-92B6-FEA0DA2672E9}.Release|ARM.ActiveCfg = Release|Any CPU
		{62DEEFC2-D7F3-4ED8-92B6-FEA0DA2672E9}.Release|ARM.Build.0 = Release|Any CPU
		{62DEEFC2-D7F3-4ED8-92B6-FEA0DA2672E9}.Release|ARM.Deploy.0 = Release|Any CPU
		{62DEEFC2-D7F3-4ED8-92B6-FEA0DA2672E9}.Release|iPhone.ActiveCfg = Release|Any CPU
		{62DEEFC2-D7F3-4ED8-92B6-FEA0DA2672E9}.Release|iPhone.Build.0 = Release|Any CPU
		{62DEEFC2-D7F3-4ED8-92B6-FEA0DA2672E9}.Release|iPhone.Deploy.0 = Release|Any CPU
		{62DEEFC2-D7F3-4ED8-92B6-FEA0DA2672E9}.Release|iPhoneSimulator.ActiveCfg = Release|Any CPU
		{62DEEFC2-D7F3-4ED8-92B6-FEA0DA2672E9}.Release|iPhoneSimulator.Build.0 = Release|Any CPU
		{62DEEFC2-D7F3-4ED8-92B6-FEA0DA2672E9}.Release|iPhoneSimulator.Deploy.0 = Release|Any CPU
		{62DEEFC2-D7F3-4ED8-92B6-FEA0DA2672E9}.Release|x64.ActiveCfg = Release|Any CPU
		{62DEEFC2-D7F3-4ED8-92B6-FEA0DA2672E9}.Release|x64.Build.0 = Release|Any CPU
		{62DEEFC2-D7F3-4ED8-92B6-FEA0DA2672E9}.Release|x64.Deploy.0 = Release|Any CPU
		{62DEEFC2-D7F3-4ED8-92B6-FEA0DA2672E9}.Release|x86.ActiveCfg = Release|Any CPU
		{62DEEFC2-D7F3-4ED8-92B6-FEA0DA2672E9}.Release|x86.Build.0 = Release|Any CPU
		{62DEEFC2-D7F3-4ED8-92B6-FEA0DA2672E9}.Release|x86.Deploy.0 = Release|Any CPU
		{1171476A-1A03-4287-896B-FC734BF02A4A}.Debug|Any CPU.ActiveCfg = Debug|iPhone
		{1171476A-1A03-4287-896B-FC734BF02A4A}.Debug|Any CPU.Build.0 = Debug|iPhone
		{1171476A-1A03-4287-896B-FC734BF02A4A}.Debug|Any CPU.Deploy.0 = Debug|iPhone
		{1171476A-1A03-4287-896B-FC734BF02A4A}.Debug|ARM.ActiveCfg = Debug|iPhoneSimulator
		{1171476A-1A03-4287-896B-FC734BF02A4A}.Debug|ARM.Build.0 = Debug|iPhoneSimulator
		{1171476A-1A03-4287-896B-FC734BF02A4A}.Debug|ARM.Deploy.0 = Debug|iPhoneSimulator
		{1171476A-1A03-4287-896B-FC734BF02A4A}.Debug|iPhone.ActiveCfg = Debug|iPhone
		{1171476A-1A03-4287-896B-FC734BF02A4A}.Debug|iPhone.Build.0 = Debug|iPhone
		{1171476A-1A03-4287-896B-FC734BF02A4A}.Debug|iPhone.Deploy.0 = Debug|iPhone
		{1171476A-1A03-4287-896B-FC734BF02A4A}.Debug|iPhoneSimulator.ActiveCfg = Debug|iPhoneSimulator
		{1171476A-1A03-4287-896B-FC734BF02A4A}.Debug|iPhoneSimulator.Build.0 = Debug|iPhoneSimulator
		{1171476A-1A03-4287-896B-FC734BF02A4A}.Debug|iPhoneSimulator.Deploy.0 = Debug|iPhoneSimulator
		{1171476A-1A03-4287-896B-FC734BF02A4A}.Debug|x64.ActiveCfg = Debug|iPhone
		{1171476A-1A03-4287-896B-FC734BF02A4A}.Debug|x64.Build.0 = Debug|iPhone
		{1171476A-1A03-4287-896B-FC734BF02A4A}.Debug|x64.Deploy.0 = Debug|iPhone
		{1171476A-1A03-4287-896B-FC734BF02A4A}.Debug|x86.ActiveCfg = Debug|iPhone
		{1171476A-1A03-4287-896B-FC734BF02A4A}.Debug|x86.Build.0 = Debug|iPhone
		{1171476A-1A03-4287-896B-FC734BF02A4A}.Debug|x86.Deploy.0 = Debug|iPhone
		{1171476A-1A03-4287-896B-FC734BF02A4A}.Release|Any CPU.ActiveCfg = Release|iPhone
		{1171476A-1A03-4287-896B-FC734BF02A4A}.Release|Any CPU.Build.0 = Release|iPhone
		{1171476A-1A03-4287-896B-FC734BF02A4A}.Release|Any CPU.Deploy.0 = Release|iPhone
		{1171476A-1A03-4287-896B-FC734BF02A4A}.Release|ARM.ActiveCfg = Release|iPhone
		{1171476A-1A03-4287-896B-FC734BF02A4A}.Release|ARM.Build.0 = Release|iPhone
		{1171476A-1A03-4287-896B-FC734BF02A4A}.Release|ARM.Deploy.0 = Release|iPhone
		{1171476A-1A03-4287-896B-FC734BF02A4A}.Release|iPhone.ActiveCfg = Release|iPhone
		{1171476A-1A03-4287-896B-FC734BF02A4A}.Release|iPhone.Build.0 = Release|iPhone
		{1171476A-1A03-4287-896B-FC734BF02A4A}.Release|iPhone.Deploy.0 = Release|iPhone
		{1171476A-1A03-4287-896B-FC734BF02A4A}.Release|iPhoneSimulator.ActiveCfg = Release|iPhoneSimulator
		{1171476A-1A03-4287-896B-FC734BF02A4A}.Release|iPhoneSimulator.Build.0 = Release|iPhoneSimulator
		{1171476A-1A03-4287-896B-FC734BF02A4A}.Release|iPhoneSimulator.Deploy.0 = Release|iPhoneSimulator
		{1171476A-1A03-4287-896B-FC734BF02A4A}.Release|x64.ActiveCfg = Release|iPhone
		{1171476A-1A03-4287-896B-FC734BF02A4A}.Release|x64.Build.0 = Release|iPhone
		{1171476A-1A03-4287-896B-FC734BF02A4A}.Release|x64.Deploy.0 = Release|iPhone
		{1171476A-1A03-4287-896B-FC734BF02A4A}.Release|x86.ActiveCfg = Release|iPhone
		{1171476A-1A03-4287-896B-FC734BF02A4A}.Release|x86.Build.0 = Release|iPhone
		{1171476A-1A03-4287-896B-FC734BF02A4A}.Release|x86.Deploy.0 = Release|iPhone
		{DDC64A52-0587-46DF-AB8A-0951BF3224BB}.Debug|Any CPU.ActiveCfg = Debug|Any CPU
		{DDC64A52-0587-46DF-AB8A-0951BF3224BB}.Debug|Any CPU.Build.0 = Debug|Any CPU
		{DDC64A52-0587-46DF-AB8A-0951BF3224BB}.Debug|Any CPU.Deploy.0 = Debug|Any CPU
		{DDC64A52-0587-46DF-AB8A-0951BF3224BB}.Debug|ARM.ActiveCfg = Debug|Any CPU
		{DDC64A52-0587-46DF-AB8A-0951BF3224BB}.Debug|ARM.Build.0 = Debug|Any CPU
		{DDC64A52-0587-46DF-AB8A-0951BF3224BB}.Debug|ARM.Deploy.0 = Debug|Any CPU
		{DDC64A52-0587-46DF-AB8A-0951BF3224BB}.Debug|iPhone.ActiveCfg = Debug|Any CPU
		{DDC64A52-0587-46DF-AB8A-0951BF3224BB}.Debug|iPhone.Build.0 = Debug|Any CPU
		{DDC64A52-0587-46DF-AB8A-0951BF3224BB}.Debug|iPhone.Deploy.0 = Debug|Any CPU
		{DDC64A52-0587-46DF-AB8A-0951BF3224BB}.Debug|iPhoneSimulator.ActiveCfg = Debug|Any CPU
		{DDC64A52-0587-46DF-AB8A-0951BF3224BB}.Debug|iPhoneSimulator.Build.0 = Debug|Any CPU
		{DDC64A52-0587-46DF-AB8A-0951BF3224BB}.Debug|iPhoneSimulator.Deploy.0 = Debug|Any CPU
		{DDC64A52-0587-46DF-AB8A-0951BF3224BB}.Debug|x64.ActiveCfg = Debug|Any CPU
		{DDC64A52-0587-46DF-AB8A-0951BF3224BB}.Debug|x64.Build.0 = Debug|Any CPU
		{DDC64A52-0587-46DF-AB8A-0951BF3224BB}.Debug|x64.Deploy.0 = Debug|Any CPU
		{DDC64A52-0587-46DF-AB8A-0951BF3224BB}.Debug|x86.ActiveCfg = Debug|Any CPU
		{DDC64A52-0587-46DF-AB8A-0951BF3224BB}.Debug|x86.Build.0 = Debug|Any CPU
		{DDC64A52-0587-46DF-AB8A-0951BF3224BB}.Debug|x86.Deploy.0 = Debug|Any CPU
		{DDC64A52-0587-46DF-AB8A-0951BF3224BB}.Release|Any CPU.ActiveCfg = Release|Any CPU
		{DDC64A52-0587-46DF-AB8A-0951BF3224BB}.Release|Any CPU.Build.0 = Release|Any CPU
		{DDC64A52-0587-46DF-AB8A-0951BF3224BB}.Release|Any CPU.Deploy.0 = Release|Any CPU
		{DDC64A52-0587-46DF-AB8A-0951BF3224BB}.Release|ARM.ActiveCfg = Release|Any CPU
		{DDC64A52-0587-46DF-AB8A-0951BF3224BB}.Release|ARM.Build.0 = Release|Any CPU
		{DDC64A52-0587-46DF-AB8A-0951BF3224BB}.Release|ARM.Deploy.0 = Release|Any CPU
		{DDC64A52-0587-46DF-AB8A-0951BF3224BB}.Release|iPhone.ActiveCfg = Release|Any CPU
		{DDC64A52-0587-46DF-AB8A-0951BF3224BB}.Release|iPhone.Build.0 = Release|Any CPU
		{DDC64A52-0587-46DF-AB8A-0951BF3224BB}.Release|iPhone.Deploy.0 = Release|Any CPU
		{DDC64A52-0587-46DF-AB8A-0951BF3224BB}.Release|iPhoneSimulator.ActiveCfg = Release|Any CPU
		{DDC64A52-0587-46DF-AB8A-0951BF3224BB}.Release|iPhoneSimulator.Build.0 = Release|Any CPU
		{DDC64A52-0587-46DF-AB8A-0951BF3224BB}.Release|iPhoneSimulator.Deploy.0 = Release|Any CPU
		{DDC64A52-0587-46DF-AB8A-0951BF3224BB}.Release|x64.ActiveCfg = Release|Any CPU
		{DDC64A52-0587-46DF-AB8A-0951BF3224BB}.Release|x64.Build.0 = Release|Any CPU
		{DDC64A52-0587-46DF-AB8A-0951BF3224BB}.Release|x64.Deploy.0 = Release|Any CPU
		{DDC64A52-0587-46DF-AB8A-0951BF3224BB}.Release|x86.ActiveCfg = Release|Any CPU
		{DDC64A52-0587-46DF-AB8A-0951BF3224BB}.Release|x86.Build.0 = Release|Any CPU
		{DDC64A52-0587-46DF-AB8A-0951BF3224BB}.Release|x86.Deploy.0 = Release|Any CPU
		{4B5F4ED7-515D-4E58-99B9-80CC83DA2C64}.Debug|Any CPU.ActiveCfg = Debug|Any CPU
		{4B5F4ED7-515D-4E58-99B9-80CC83DA2C64}.Debug|Any CPU.Build.0 = Debug|Any CPU
		{4B5F4ED7-515D-4E58-99B9-80CC83DA2C64}.Debug|ARM.ActiveCfg = Debug|Any CPU
		{4B5F4ED7-515D-4E58-99B9-80CC83DA2C64}.Debug|ARM.Build.0 = Debug|Any CPU
		{4B5F4ED7-515D-4E58-99B9-80CC83DA2C64}.Debug|iPhone.ActiveCfg = Debug|Any CPU
		{4B5F4ED7-515D-4E58-99B9-80CC83DA2C64}.Debug|iPhone.Build.0 = Debug|Any CPU
		{4B5F4ED7-515D-4E58-99B9-80CC83DA2C64}.Debug|iPhoneSimulator.ActiveCfg = Debug|Any CPU
		{4B5F4ED7-515D-4E58-99B9-80CC83DA2C64}.Debug|iPhoneSimulator.Build.0 = Debug|Any CPU
		{4B5F4ED7-515D-4E58-99B9-80CC83DA2C64}.Debug|x64.ActiveCfg = Debug|x64
		{4B5F4ED7-515D-4E58-99B9-80CC83DA2C64}.Debug|x64.Build.0 = Debug|x64
		{4B5F4ED7-515D-4E58-99B9-80CC83DA2C64}.Debug|x86.ActiveCfg = Debug|Any CPU
		{4B5F4ED7-515D-4E58-99B9-80CC83DA2C64}.Debug|x86.Build.0 = Debug|Any CPU
		{4B5F4ED7-515D-4E58-99B9-80CC83DA2C64}.Release|Any CPU.ActiveCfg = Release|Any CPU
		{4B5F4ED7-515D-4E58-99B9-80CC83DA2C64}.Release|Any CPU.Build.0 = Release|Any CPU
		{4B5F4ED7-515D-4E58-99B9-80CC83DA2C64}.Release|ARM.ActiveCfg = Release|Any CPU
		{4B5F4ED7-515D-4E58-99B9-80CC83DA2C64}.Release|ARM.Build.0 = Release|Any CPU
		{4B5F4ED7-515D-4E58-99B9-80CC83DA2C64}.Release|iPhone.ActiveCfg = Release|Any CPU
		{4B5F4ED7-515D-4E58-99B9-80CC83DA2C64}.Release|iPhone.Build.0 = Release|Any CPU
		{4B5F4ED7-515D-4E58-99B9-80CC83DA2C64}.Release|iPhoneSimulator.ActiveCfg = Release|Any CPU
		{4B5F4ED7-515D-4E58-99B9-80CC83DA2C64}.Release|iPhoneSimulator.Build.0 = Release|Any CPU
		{4B5F4ED7-515D-4E58-99B9-80CC83DA2C64}.Release|x64.ActiveCfg = Release|Any CPU
		{4B5F4ED7-515D-4E58-99B9-80CC83DA2C64}.Release|x64.Build.0 = Release|Any CPU
		{4B5F4ED7-515D-4E58-99B9-80CC83DA2C64}.Release|x86.ActiveCfg = Release|Any CPU
		{4B5F4ED7-515D-4E58-99B9-80CC83DA2C64}.Release|x86.Build.0 = Release|Any CPU
		{45BC431C-4A0E-4F19-A8B0-CEA39641462A}.Debug|Any CPU.ActiveCfg = Debug|Any CPU
		{45BC431C-4A0E-4F19-A8B0-CEA39641462A}.Debug|Any CPU.Build.0 = Debug|Any CPU
		{45BC431C-4A0E-4F19-A8B0-CEA39641462A}.Debug|ARM.ActiveCfg = Debug|Any CPU
		{45BC431C-4A0E-4F19-A8B0-CEA39641462A}.Debug|ARM.Build.0 = Debug|Any CPU
		{45BC431C-4A0E-4F19-A8B0-CEA39641462A}.Debug|iPhone.ActiveCfg = Debug|Any CPU
		{45BC431C-4A0E-4F19-A8B0-CEA39641462A}.Debug|iPhone.Build.0 = Debug|Any CPU
		{45BC431C-4A0E-4F19-A8B0-CEA39641462A}.Debug|iPhoneSimulator.ActiveCfg = Debug|Any CPU
		{45BC431C-4A0E-4F19-A8B0-CEA39641462A}.Debug|iPhoneSimulator.Build.0 = Debug|Any CPU
		{45BC431C-4A0E-4F19-A8B0-CEA39641462A}.Debug|x64.ActiveCfg = Debug|x64
		{45BC431C-4A0E-4F19-A8B0-CEA39641462A}.Debug|x64.Build.0 = Debug|x64
		{45BC431C-4A0E-4F19-A8B0-CEA39641462A}.Debug|x86.ActiveCfg = Debug|Any CPU
		{45BC431C-4A0E-4F19-A8B0-CEA39641462A}.Debug|x86.Build.0 = Debug|Any CPU
		{45BC431C-4A0E-4F19-A8B0-CEA39641462A}.Release|Any CPU.ActiveCfg = Release|Any CPU
		{45BC431C-4A0E-4F19-A8B0-CEA39641462A}.Release|Any CPU.Build.0 = Release|Any CPU
		{45BC431C-4A0E-4F19-A8B0-CEA39641462A}.Release|ARM.ActiveCfg = Release|Any CPU
		{45BC431C-4A0E-4F19-A8B0-CEA39641462A}.Release|ARM.Build.0 = Release|Any CPU
		{45BC431C-4A0E-4F19-A8B0-CEA39641462A}.Release|iPhone.ActiveCfg = Release|Any CPU
		{45BC431C-4A0E-4F19-A8B0-CEA39641462A}.Release|iPhone.Build.0 = Release|Any CPU
		{45BC431C-4A0E-4F19-A8B0-CEA39641462A}.Release|iPhoneSimulator.ActiveCfg = Release|Any CPU
		{45BC431C-4A0E-4F19-A8B0-CEA39641462A}.Release|iPhoneSimulator.Build.0 = Release|Any CPU
		{45BC431C-4A0E-4F19-A8B0-CEA39641462A}.Release|x64.ActiveCfg = Release|Any CPU
		{45BC431C-4A0E-4F19-A8B0-CEA39641462A}.Release|x64.Build.0 = Release|Any CPU
		{45BC431C-4A0E-4F19-A8B0-CEA39641462A}.Release|x86.ActiveCfg = Release|Any CPU
		{45BC431C-4A0E-4F19-A8B0-CEA39641462A}.Release|x86.Build.0 = Release|Any CPU
		{08F07241-D1C6-4E90-9F17-E0BD014337BB}.Debug|Any CPU.ActiveCfg = Debug|Any CPU
		{08F07241-D1C6-4E90-9F17-E0BD014337BB}.Debug|Any CPU.Build.0 = Debug|Any CPU
		{08F07241-D1C6-4E90-9F17-E0BD014337BB}.Debug|ARM.ActiveCfg = Debug|Any CPU
		{08F07241-D1C6-4E90-9F17-E0BD014337BB}.Debug|ARM.Build.0 = Debug|Any CPU
		{08F07241-D1C6-4E90-9F17-E0BD014337BB}.Debug|iPhone.ActiveCfg = Debug|Any CPU
		{08F07241-D1C6-4E90-9F17-E0BD014337BB}.Debug|iPhone.Build.0 = Debug|Any CPU
		{08F07241-D1C6-4E90-9F17-E0BD014337BB}.Debug|iPhoneSimulator.ActiveCfg = Debug|Any CPU
		{08F07241-D1C6-4E90-9F17-E0BD014337BB}.Debug|iPhoneSimulator.Build.0 = Debug|Any CPU
		{08F07241-D1C6-4E90-9F17-E0BD014337BB}.Debug|x64.ActiveCfg = Debug|Any CPU
		{08F07241-D1C6-4E90-9F17-E0BD014337BB}.Debug|x64.Build.0 = Debug|Any CPU
		{08F07241-D1C6-4E90-9F17-E0BD014337BB}.Debug|x86.ActiveCfg = Debug|Any CPU
		{08F07241-D1C6-4E90-9F17-E0BD014337BB}.Debug|x86.Build.0 = Debug|Any CPU
		{08F07241-D1C6-4E90-9F17-E0BD014337BB}.Release|Any CPU.ActiveCfg = Release|Any CPU
		{08F07241-D1C6-4E90-9F17-E0BD014337BB}.Release|Any CPU.Build.0 = Release|Any CPU
		{08F07241-D1C6-4E90-9F17-E0BD014337BB}.Release|ARM.ActiveCfg = Release|Any CPU
		{08F07241-D1C6-4E90-9F17-E0BD014337BB}.Release|ARM.Build.0 = Release|Any CPU
		{08F07241-D1C6-4E90-9F17-E0BD014337BB}.Release|iPhone.ActiveCfg = Release|Any CPU
		{08F07241-D1C6-4E90-9F17-E0BD014337BB}.Release|iPhone.Build.0 = Release|Any CPU
		{08F07241-D1C6-4E90-9F17-E0BD014337BB}.Release|iPhoneSimulator.ActiveCfg = Release|Any CPU
		{08F07241-D1C6-4E90-9F17-E0BD014337BB}.Release|iPhoneSimulator.Build.0 = Release|Any CPU
		{08F07241-D1C6-4E90-9F17-E0BD014337BB}.Release|x64.ActiveCfg = Release|Any CPU
		{08F07241-D1C6-4E90-9F17-E0BD014337BB}.Release|x64.Build.0 = Release|Any CPU
		{08F07241-D1C6-4E90-9F17-E0BD014337BB}.Release|x86.ActiveCfg = Release|Any CPU
		{08F07241-D1C6-4E90-9F17-E0BD014337BB}.Release|x86.Build.0 = Release|Any CPU
	EndGlobalSection
	GlobalSection(SolutionProperties) = preSolution
		HideSolutionNode = FALSE
	EndGlobalSection
	GlobalSection(ExtensibilityGlobals) = postSolution
		SolutionGuid = {9D848B2B-D4C5-49CC-B41C-71D65F20B804}
	EndGlobalSection
EndGlobal
